
Microsoft Visual Studio Solution File, Format Version 12.00
# Visual Studio Version 16
VisualStudioVersion = 16.0.31321.278
MinimumVisualStudioVersion = 10.0.40219.1
Project("{9A19103F-16F7-4668-BE54-9A1E7A4F7556}") = "Basics", "Basics\Basics.csproj", "{2CA04A12-C6C3-47BF-84A3-BCF44549E92D}"
EndProject
Project("{9A19103F-16F7-4668-BE54-9A1E7A4F7556}") = "IdentityExample", "IdentityExample\IdentityExample.csproj", "{F0A952DE-EA92-4B7C-B849-FED297FE5E95}"
EndProject
Project("{2150E333-8FDC-42A3-9474-1A3956D46DE8}") = "Basic", "Basic", "{5BFE99BD-6E0B-482C-9569-2E2F7673CD2F}"
EndProject
Project("{2150E333-8FDC-42A3-9474-1A3956D46DE8}") = "OAuth", "OAuth", "{87392278-6A5A-4F34-A924-CB8240BE7D36}"
EndProject
Project("{9A19103F-16F7-4668-BE54-9A1E7A4F7556}") = "Server", "Server\Server.csproj", "{D3AC79E8-A7E1-46C7-AD61-2A6F98A4BE50}"
EndProject
Project("{9A19103F-16F7-4668-BE54-9A1E7A4F7556}") = "Client", "Client\Client.csproj", "{C03C3496-5539-4B96-BDE5-2A1CEA64AD68}"
EndProject
Project("{9A19103F-16F7-4668-BE54-9A1E7A4F7556}") = "API", "API\API.csproj", "{B2E47A8E-222E-4D3C-A128-4E5E1910BBC1}"
EndProject
Project("{2150E333-8FDC-42A3-9474-1A3956D46DE8}") = "IdentityServer4", "IdentityServer4", "{1597F1C5-6FDB-47DD-B16B-AD5B1D05A5CD}"
EndProject
Project("{9A19103F-16F7-4668-BE54-9A1E7A4F7556}") = "IdentityServer", "IdentityServer\IdentityServer.csproj", "{06A4ED89-7C9B-44D7-81EB-660D9FB519EC}"
EndProject
Project("{9A19103F-16F7-4668-BE54-9A1E7A4F7556}") = "ApiOne", "ApiOne\ApiOne.csproj", "{5B562D68-28B0-4C38-BC5C-059CFD2058CC}"
EndProject
Project("{9A19103F-16F7-4668-BE54-9A1E7A4F7556}") = "ApiTwo", "ApiTwo\ApiTwo.csproj", "{102171AB-237B-4C9C-8E33-583715A3753A}"
EndProject
Project("{FAE04EC0-301F-11D3-BF4B-00C04F79EFBC}") = "MvcProject", "MvcProject\MvcProject.csproj", "{93517717-7ADA-43B2-B0AC-694D0E9A4F94}"
EndProject
Global
	GlobalSection(SolutionConfigurationPlatforms) = preSolution
		Debug|Any CPU = Debug|Any CPU
		Release|Any CPU = Release|Any CPU
	EndGlobalSection
	GlobalSection(ProjectConfigurationPlatforms) = postSolution
		{2CA04A12-C6C3-47BF-84A3-BCF44549E92D}.Debug|Any CPU.ActiveCfg = Debug|Any CPU
		{2CA04A12-C6C3-47BF-84A3-BCF44549E92D}.Debug|Any CPU.Build.0 = Debug|Any CPU
		{2CA04A12-C6C3-47BF-84A3-BCF44549E92D}.Release|Any CPU.ActiveCfg = Release|Any CPU
		{2CA04A12-C6C3-47BF-84A3-BCF44549E92D}.Release|Any CPU.Build.0 = Release|Any CPU
		{F0A952DE-EA92-4B7C-B849-FED297FE5E95}.Debug|Any CPU.ActiveCfg = Debug|Any CPU
		{F0A952DE-EA92-4B7C-B849-FED297FE5E95}.Debug|Any CPU.Build.0 = Debug|Any CPU
		{F0A952DE-EA92-4B7C-B849-FED297FE5E95}.Release|Any CPU.ActiveCfg = Release|Any CPU
		{F0A952DE-EA92-4B7C-B849-FED297FE5E95}.Release|Any CPU.Build.0 = Release|Any CPU
		{D3AC79E8-A7E1-46C7-AD61-2A6F98A4BE50}.Debug|Any CPU.ActiveCfg = Debug|Any CPU
		{D3AC79E8-A7E1-46C7-AD61-2A6F98A4BE50}.Debug|Any CPU.Build.0 = Debug|Any CPU
		{D3AC79E8-A7E1-46C7-AD61-2A6F98A4BE50}.Release|Any CPU.ActiveCfg = Release|Any CPU
		{D3AC79E8-A7E1-46C7-AD61-2A6F98A4BE50}.Release|Any CPU.Build.0 = Release|Any CPU
		{C03C3496-5539-4B96-BDE5-2A1CEA64AD68}.Debug|Any CPU.ActiveCfg = Debug|Any CPU
		{C03C3496-5539-4B96-BDE5-2A1CEA64AD68}.Debug|Any CPU.Build.0 = Debug|Any CPU
		{C03C3496-5539-4B96-BDE5-2A1CEA64AD68}.Release|Any CPU.ActiveCfg = Release|Any CPU
		{C03C3496-5539-4B96-BDE5-2A1CEA64AD68}.Release|Any CPU.Build.0 = Release|Any CPU
		{B2E47A8E-222E-4D3C-A128-4E5E1910BBC1}.Debug|Any CPU.ActiveCfg = Debug|Any CPU
		{B2E47A8E-222E-4D3C-A128-4E5E1910BBC1}.Debug|Any CPU.Build.0 = Debug|Any CPU
		{B2E47A8E-222E-4D3C-A128-4E5E1910BBC1}.Release|Any CPU.ActiveCfg = Release|Any CPU
		{B2E47A8E-222E-4D3C-A128-4E5E1910BBC1}.Release|Any CPU.Build.0 = Release|Any CPU
		{06A4ED89-7C9B-44D7-81EB-660D9FB519EC}.Debug|Any CPU.ActiveCfg = Debug|Any CPU
		{06A4ED89-7C9B-44D7-81EB-660D9FB519EC}.Debug|Any CPU.Build.0 = Debug|Any CPU
		{06A4ED89-7C9B-44D7-81EB-660D9FB519EC}.Release|Any CPU.ActiveCfg = Release|Any CPU
		{06A4ED89-7C9B-44D7-81EB-660D9FB519EC}.Release|Any CPU.Build.0 = Release|Any CPU
		{5B562D68-28B0-4C38-BC5C-059CFD2058CC}.Debug|Any CPU.ActiveCfg = Debug|Any CPU
		{5B562D68-28B0-4C38-BC5C-059CFD2058CC}.Debug|Any CPU.Build.0 = Debug|Any CPU
		{5B562D68-28B0-4C38-BC5C-059CFD2058CC}.Release|Any CPU.ActiveCfg = Release|Any CPU
		{5B562D68-28B0-4C38-BC5C-059CFD2058CC}.Release|Any CPU.Build.0 = Release|Any CPU
		{102171AB-237B-4C9C-8E33-583715A3753A}.Debug|Any CPU.ActiveCfg = Debug|Any CPU
		{102171AB-237B-4C9C-8E33-583715A3753A}.Debug|Any CPU.Build.0 = Debug|Any CPU
		{102171AB-237B-4C9C-8E33-583715A3753A}.Release|Any CPU.ActiveCfg = Release|Any CPU
		{102171AB-237B-4C9C-8E33-583715A3753A}.Release|Any CPU.Build.0 = Release|Any CPU
		{93517717-7ADA-43B2-B0AC-694D0E9A4F94}.Debug|Any CPU.ActiveCfg = Debug|Any CPU
		{93517717-7ADA-43B2-B0AC-694D0E9A4F94}.Debug|Any CPU.Build.0 = Debug|Any CPU
		{93517717-7ADA-43B2-B0AC-694D0E9A4F94}.Release|Any CPU.ActiveCfg = Release|Any CPU
		{93517717-7ADA-43B2-B0AC-694D0E9A4F94}.Release|Any CPU.Build.0 = Release|Any CPU
	EndGlobalSection
	GlobalSection(SolutionProperties) = preSolution
		HideSolutionNode = FALSE
	EndGlobalSection
	GlobalSection(NestedProjects) = preSolution
		{2CA04A12-C6C3-47BF-84A3-BCF44549E92D} = {5BFE99BD-6E0B-482C-9569-2E2F7673CD2F}
		{F0A952DE-EA92-4B7C-B849-FED297FE5E95} = {5BFE99BD-6E0B-482C-9569-2E2F7673CD2F}
		{D3AC79E8-A7E1-46C7-AD61-2A6F98A4BE50} = {87392278-6A5A-4F34-A924-CB8240BE7D36}
		{C03C3496-5539-4B96-BDE5-2A1CEA64AD68} = {87392278-6A5A-4F34-A924-CB8240BE7D36}
		{B2E47A8E-222E-4D3C-A128-4E5E1910BBC1} = {87392278-6A5A-4F34-A924-CB8240BE7D36}
		{06A4ED89-7C9B-44D7-81EB-660D9FB519EC} = {1597F1C5-6FDB-47DD-B16B-AD5B1D05A5CD}
		{5B562D68-28B0-4C38-BC5C-059CFD2058CC} = {1597F1C5-6FDB-47DD-B16B-AD5B1D05A5CD}
		{102171AB-237B-4C9C-8E33-583715A3753A} = {1597F1C5-6FDB-47DD-B16B-AD5B1D05A5CD}
		{93517717-7ADA-43B2-B0AC-694D0E9A4F94} = {1597F1C5-6FDB-47DD-B16B-AD5B1D05A5CD}
	EndGlobalSection
	GlobalSection(ExtensibilityGlobals) = postSolution
		SolutionGuid = {14CB2768-A869-403F-A9B4-B8E4BB4360EA}
	EndGlobalSection
EndGlobal
